{
  "name": "salarios-unicamp",
  "version": "1.0.0",
  "lockfileVersion": 1,
  "requires": true,
  "dependencies": {
    "windows-1252": {
      "version": "1.0.0",
      "resolved": "https://registry.npmjs.org/windows-1252/-/windows-1252-1.0.0.tgz",
      "integrity": "sha1-ch2UZ9TaFy0rjdKlYJSwQ1X+WXY="
    }
  }
}
